
Microsoft Visual Studio Solution File, Format Version 12.00
Project("{FAE04EC0-301F-11D3-BF4B-00C04F79EFBC}") = "SP_04.29_ex2", "SP_04.29_ex2\SP_04.29_ex2.csproj", "{E22349D6-7ADB-4394-9B71-2469C4C19E9E}"
EndProject
Global
	GlobalSection(SolutionConfigurationPlatforms) = preSolution
		Debug|Any CPU = Debug|Any CPU
		Release|Any CPU = Release|Any CPU
	EndGlobalSection
	GlobalSection(ProjectConfigurationPlatforms) = postSolution
		{E22349D6-7ADB-4394-9B71-2469C4C19E9E}.Debug|Any CPU.ActiveCfg = Debug|Any CPU
		{E22349D6-7ADB-4394-9B71-2469C4C19E9E}.Debug|Any CPU.Build.0 = Debug|Any CPU
		{E22349D6-7ADB-4394-9B71-2469C4C19E9E}.Release|Any CPU.ActiveCfg = Release|Any CPU
		{E22349D6-7ADB-4394-9B71-2469C4C19E9E}.Release|Any CPU.Build.0 = Release|Any CPU
	EndGlobalSection
EndGlobal
