
Microsoft Visual Studio Solution File, Format Version 12.00
Project("{FAE04EC0-301F-11D3-BF4B-00C04F79EFBC}") = "SP_04.29", "SP_04.29\SP_04.29.csproj", "{B3527A80-359E-43FB-85BA-B8BFCB942469}"
EndProject
Global
	GlobalSection(SolutionConfigurationPlatforms) = preSolution
		Debug|Any CPU = Debug|Any CPU
		Release|Any CPU = Release|Any CPU
	EndGlobalSection
	GlobalSection(ProjectConfigurationPlatforms) = postSolution
		{B3527A80-359E-43FB-85BA-B8BFCB942469}.Debug|Any CPU.ActiveCfg = Debug|Any CPU
		{B3527A80-359E-43FB-85BA-B8BFCB942469}.Debug|Any CPU.Build.0 = Debug|Any CPU
		{B3527A80-359E-43FB-85BA-B8BFCB942469}.Release|Any CPU.ActiveCfg = Release|Any CPU
		{B3527A80-359E-43FB-85BA-B8BFCB942469}.Release|Any CPU.Build.0 = Release|Any CPU
	EndGlobalSection
EndGlobal
